
Microsoft Visual Studio Solution File, Format Version 12.00
# Visual Studio Version 16
VisualStudioVersion = 16.0.32428.217
MinimumVisualStudioVersion = 10.0.40219.1
Project("{FAE04EC0-301F-11D3-BF4B-00C04F79EFBC}") = "POOConcepts", "POOConcepts\POOConcepts.csproj", "{6D60C465-FC4C-4282-ACEA-B0EE5D7B61F7}"
EndProject
Global
	GlobalSection(SolutionConfigurationPlatforms) = preSolution
		Debug|Any CPU = Debug|Any CPU
		Release|Any CPU = Release|Any CPU
	EndGlobalSection
	GlobalSection(ProjectConfigurationPlatforms) = postSolution
		{6D60C465-FC4C-4282-ACEA-B0EE5D7B61F7}.Debug|Any CPU.ActiveCfg = Debug|Any CPU
		{6D60C465-FC4C-4282-ACEA-B0EE5D7B61F7}.Debug|Any CPU.Build.0 = Debug|Any CPU
		{6D60C465-FC4C-4282-ACEA-B0EE5D7B61F7}.Release|Any CPU.ActiveCfg = Release|Any CPU
		{6D60C465-FC4C-4282-ACEA-B0EE5D7B61F7}.Release|Any CPU.Build.0 = Release|Any CPU
	EndGlobalSection
	GlobalSection(SolutionProperties) = preSolution
		HideSolutionNode = FALSE
	EndGlobalSection
	GlobalSection(ExtensibilityGlobals) = postSolution
		SolutionGuid = {DAB98365-E9FB-4220-92C7-320B14AC1EDC}
	EndGlobalSection
EndGlobal
